// !$*UTF8*$!
{
	archiveVersion = 1;
	classes = {
	};
	objectVersion = 46;
	objects = {

/* Begin PBXBuildFile section */
		4F10120B1D273DBF0038534D /* AppDelegate.swift in Sources */ = {isa = PBXBuildFile; fileRef = 4F10120A1D273DBF0038534D /* AppDelegate.swift */; };
		4F10120D1D273DBF0038534D /* ViewController.swift in Sources */ = {isa = PBXBuildFile; fileRef = 4F10120C1D273DBF0038534D /* ViewController.swift */; };
		4F1012101D273DBF0038534D /* Main.storyboard in Resources */ = {isa = PBXBuildFile; fileRef = 4F10120E1D273DBF0038534D /* Main.storyboard */; };
		4F1012121D273DBF0038534D /* Assets.xcassets in Resources */ = {isa = PBXBuildFile; fileRef = 4F1012111D273DBF0038534D /* Assets.xcassets */; };
		4F1012151D273DBF0038534D /* LaunchScreen.storyboard in Resources */ = {isa = PBXBuildFile; fileRef = 4F1012131D273DBF0038534D /* LaunchScreen.storyboard */; };
		4F3BB1B31D251CB900CD2312 /* AnimatedScrollableToolbar.h in Headers */ = {isa = PBXBuildFile; fileRef = 4F3BB1B21D251CB900CD2312 /* AnimatedScrollableToolbar.h */; settings = {ATTRIBUTES = (Public, ); }; };
		4F3BB1BB1D251CE000CD2312 /* AnimatedScrollableToolbar.swift in Sources */ = {isa = PBXBuildFile; fileRef = 4F3BB1BA1D251CE000CD2312 /* AnimatedScrollableToolbar.swift */; };
		4F617B9F1D27CBAF00F90163 /* AnimatedScrollableToolbar.framework in Copy Frameworks */ = {isa = PBXBuildFile; fileRef = 4F3BB1AF1D251CB900CD2312 /* AnimatedScrollableToolbar.framework */; settings = {ATTRIBUTES = (CodeSignOnCopy, RemoveHeadersOnCopy, ); }; };
/* End PBXBuildFile section */

/* Begin PBXContainerItemProxy section */
		4F70CA951D27709E0020147C /* PBXContainerItemProxy */ = {
			isa = PBXContainerItemProxy;
			containerPortal = 4F3BB1A61D251CB800CD2312 /* Project object */;
			proxyType = 1;
			remoteGlobalIDString = 4F3BB1AE1D251CB800CD2312;
			remoteInfo = AnimatedScrollableToolbar;
		};
/* End PBXContainerItemProxy section */

/* Begin PBXCopyFilesBuildPhase section */
		4F617B9E1D27CBA100F90163 /* Copy Frameworks */ = {
			isa = PBXCopyFilesBuildPhase;
			buildActionMask = 2147483647;
			dstPath = "";
			dstSubfolderSpec = 10;
			files = (
				4F617B9F1D27CBAF00F90163 /* AnimatedScrollableToolbar.framework in Copy Frameworks */,
			);
			name = "Copy Frameworks";
			runOnlyForDeploymentPostprocessing = 0;
		};
/* End PBXCopyFilesBuildPhase section */

/* Begin PBXFileReference section */
		4F1012081D273DBF0038534D /* Demo.app */ = {isa = PBXFileReference; explicitFileType = wrapper.application; includeInIndex = 0; path = Demo.app; sourceTree = BUILT_PRODUCTS_DIR; };
		4F10120A1D273DBF0038534D /* AppDelegate.swift */ = {isa = PBXFileReference; lastKnownFileType = sourcecode.swift; path = AppDelegate.swift; sourceTree = "<group>"; };
		4F10120C1D273DBF0038534D /* ViewController.swift */ = {isa = PBXFileReference; lastKnownFileType = sourcecode.swift; path = ViewController.swift; sourceTree = "<group>"; };
		4F10120F1D273DBF0038534D /* Base */ = {isa = PBXFileReference; lastKnownFileType = file.storyboard; name = Base; path = Base.lproj/Main.storyboard; sourceTree = "<group>"; };
		4F1012111D273DBF0038534D /* Assets.xcassets */ = {isa = PBXFileReference; lastKnownFileType = folder.assetcatalog; path = Assets.xcassets; sourceTree = "<group>"; };
		4F1012141D273DBF0038534D /* Base */ = {isa = PBXFileReference; lastKnownFileType = file.storyboard; name = Base; path = Base.lproj/LaunchScreen.storyboard; sourceTree = "<group>"; };
		4F1012161D273DBF0038534D /* Info.plist */ = {isa = PBXFileReference; lastKnownFileType = text.plist.xml; path = Info.plist; sourceTree = "<group>"; };
		4F10121A1D27514D0038534D /* Reveal.framework */ = {isa = PBXFileReference; lastKnownFileType = wrapper.framework; name = Reveal.framework; path = "../../../../../../Applications/Reveal.app/Contents/SharedSupport/iOS-Libraries/Reveal.framework"; sourceTree = "<group>"; };
		4F3BB1AF1D251CB900CD2312 /* AnimatedScrollableToolbar.framework */ = {isa = PBXFileReference; explicitFileType = wrapper.framework; includeInIndex = 0; path = AnimatedScrollableToolbar.framework; sourceTree = BUILT_PRODUCTS_DIR; };
		4F3BB1B21D251CB900CD2312 /* AnimatedScrollableToolbar.h */ = {isa = PBXFileReference; lastKnownFileType = sourcecode.c.h; path = AnimatedScrollableToolbar.h; sourceTree = "<group>"; };
		4F3BB1B41D251CB900CD2312 /* Info.plist */ = {isa = PBXFileReference; lastKnownFileType = text.plist.xml; path = Info.plist; sourceTree = "<group>"; };
		4F3BB1BA1D251CE000CD2312 /* AnimatedScrollableToolbar.swift */ = {isa = PBXFileReference; fileEncoding = 4; lastKnownFileType = sourcecode.swift; path = AnimatedScrollableToolbar.swift; sourceTree = "<group>"; };
/* End PBXFileReference section */

/* Begin PBXFrameworksBuildPhase section */
		4F1012051D273DBF0038534D /* Frameworks */ = {
			isa = PBXFrameworksBuildPhase;
			buildActionMask = 2147483647;
			files = (
			);
			runOnlyForDeploymentPostprocessing = 0;
		};
		4F3BB1AB1D251CB800CD2312 /* Frameworks */ = {
			isa = PBXFrameworksBuildPhase;
			buildActionMask = 2147483647;
			files = (
			);
			runOnlyForDeploymentPostprocessing = 0;
		};
/* End PBXFrameworksBuildPhase section */

/* Begin PBXGroup section */
		4F1012091D273DBF0038534D /* Demo */ = {
			isa = PBXGroup;
			children = (
				4F10121A1D27514D0038534D /* Reveal.framework */,
				4F10120A1D273DBF0038534D /* AppDelegate.swift */,
				4F10120C1D273DBF0038534D /* ViewController.swift */,
				4F10120E1D273DBF0038534D /* Main.storyboard */,
				4F1012111D273DBF0038534D /* Assets.xcassets */,
				4F1012131D273DBF0038534D /* LaunchScreen.storyboard */,
				4F1012161D273DBF0038534D /* Info.plist */,
			);
			path = Demo;
			sourceTree = "<group>";
		};
		4F3BB1A51D251CB800CD2312 = {
			isa = PBXGroup;
			children = (
				4F3BB1B11D251CB900CD2312 /* AnimatedScrollableToolbar */,
				4F1012091D273DBF0038534D /* Demo */,
				4F3BB1B01D251CB900CD2312 /* Products */,
			);
			sourceTree = "<group>";
		};
		4F3BB1B01D251CB900CD2312 /* Products */ = {
			isa = PBXGroup;
			children = (
				4F3BB1AF1D251CB900CD2312 /* AnimatedScrollableToolbar.framework */,
				4F1012081D273DBF0038534D /* Demo.app */,
			);
			name = Products;
			sourceTree = "<group>";
		};
		4F3BB1B11D251CB900CD2312 /* AnimatedScrollableToolbar */ = {
			isa = PBXGroup;
			children = (
				4F3BB1B21D251CB900CD2312 /* AnimatedScrollableToolbar.h */,
				4F3BB1B41D251CB900CD2312 /* Info.plist */,
				4F3BB1BA1D251CE000CD2312 /* AnimatedScrollableToolbar.swift */,
			);
			path = AnimatedScrollableToolbar;
			sourceTree = "<group>";
		};
/* End PBXGroup section */

/* Begin PBXHeadersBuildPhase section */
		4F3BB1AC1D251CB800CD2312 /* Headers */ = {
			isa = PBXHeadersBuildPhase;
			buildActionMask = 2147483647;
			files = (
				4F3BB1B31D251CB900CD2312 /* AnimatedScrollableToolbar.h in Headers */,
			);
			runOnlyForDeploymentPostprocessing = 0;
		};
/* End PBXHeadersBuildPhase section */

/* Begin PBXNativeTarget section */
		4F1012071D273DBF0038534D /* Demo */ = {
			isa = PBXNativeTarget;
			buildConfigurationList = 4F1012191D273DBF0038534D /* Build configuration list for PBXNativeTarget "Demo" */;
			buildPhases = (
				4F1012041D273DBF0038534D /* Sources */,
				4F1012051D273DBF0038534D /* Frameworks */,
				4F1012061D273DBF0038534D /* Resources */,
				4F617B9E1D27CBA100F90163 /* Copy Frameworks */,
			);
			buildRules = (
			);
			dependencies = (
				4F70CA961D27709E0020147C /* PBXTargetDependency */,
			);
			name = Demo;
			productName = Demo;
			productReference = 4F1012081D273DBF0038534D /* Demo.app */;
			productType = "com.apple.product-type.application";
		};
		4F3BB1AE1D251CB800CD2312 /* AnimatedScrollableToolbar */ = {
			isa = PBXNativeTarget;
			buildConfigurationList = 4F3BB1B71D251CB900CD2312 /* Build configuration list for PBXNativeTarget "AnimatedScrollableToolbar" */;
			buildPhases = (
				4F3BB1AA1D251CB800CD2312 /* Sources */,
				4F3BB1AB1D251CB800CD2312 /* Frameworks */,
				4F3BB1AC1D251CB800CD2312 /* Headers */,
				4F3BB1AD1D251CB800CD2312 /* Resources */,
			);
			buildRules = (
			);
			dependencies = (
			);
			name = AnimatedScrollableToolbar;
			productName = AnimatedScrollableToolbar;
			productReference = 4F3BB1AF1D251CB900CD2312 /* AnimatedScrollableToolbar.framework */;
			productType = "com.apple.product-type.framework";
		};
/* End PBXNativeTarget section */

/* Begin PBXProject section */
		4F3BB1A61D251CB800CD2312 /* Project object */ = {
			isa = PBXProject;
			attributes = {
				LastSwiftUpdateCheck = 0800;
				LastUpgradeCheck = 0800;
				ORGANIZATIONNAME = EWStudio;
				TargetAttributes = {
					4F1012071D273DBF0038534D = {
						CreatedOnToolsVersion = 8.0;
						DevelopmentTeam = U6Q7347D4Q;
						DevelopmentTeamName = "YuXuan Deng";
						ProvisioningStyle = Automatic;
					};
					4F3BB1AE1D251CB800CD2312 = {
						CreatedOnToolsVersion = 8.0;
						DevelopmentTeam = U6Q7347D4Q;
						DevelopmentTeamName = "YuXuan Deng";
						LastSwiftMigration = 0800;
						ProvisioningStyle = Automatic;
					};
				};
			};
			buildConfigurationList = 4F3BB1A91D251CB800CD2312 /* Build configuration list for PBXProject "AnimatedScrollableToolbar" */;
			compatibilityVersion = "Xcode 3.2";
			developmentRegion = English;
			hasScannedForEncodings = 0;
			knownRegions = (
				en,
				Base,
			);
			mainGroup = 4F3BB1A51D251CB800CD2312;
			productRefGroup = 4F3BB1B01D251CB900CD2312 /* Products */;
			projectDirPath = "";
			projectRoot = "";
			targets = (
				4F3BB1AE1D251CB800CD2312 /* AnimatedScrollableToolbar */,
				4F1012071D273DBF0038534D /* Demo */,
			);
		};
/* End PBXProject section */

/* Begin PBXResourcesBuildPhase section */
		4F1012061D273DBF0038534D /* Resources */ = {
			isa = PBXResourcesBuildPhase;
			buildActionMask = 2147483647;
			files = (
				4F1012151D273DBF0038534D /* LaunchScreen.storyboard in Resources */,
				4F1012121D273DBF0038534D /* Assets.xcassets in Resources */,
				4F1012101D273DBF0038534D /* Main.storyboard in Resources */,
			);
			runOnlyForDeploymentPostprocessing = 0;
		};
		4F3BB1AD1D251CB800CD2312 /* Resources */ = {
			isa = PBXResourcesBuildPhase;
			buildActionMask = 2147483647;
			files = (
			);
			runOnlyForDeploymentPostprocessing = 0;
		};
/* End PBXResourcesBuildPhase section */

/* Begin PBXSourcesBuildPhase section */
		4F1012041D273DBF0038534D /* Sources */ = {
			isa = PBXSourcesBuildPhase;
			buildActionMask = 2147483647;
			files = (
				4F10120D1D273DBF0038534D /* ViewController.swift in Sources */,
				4F10120B1D273DBF0038534D /* AppDelegate.swift in Sources */,
			);
			runOnlyForDeploymentPostprocessing = 0;
		};
		4F3BB1AA1D251CB800CD2312 /* Sources */ = {
			isa = PBXSourcesBuildPhase;
			buildActionMask = 2147483647;
			files = (
				4F3BB1BB1D251CE000CD2312 /* AnimatedScrollableToolbar.swift in Sources */,
			);
			runOnlyForDeploymentPostprocessing = 0;
		};
/* End PBXSourcesBuildPhase section */

/* Begin PBXTargetDependency section */
		4F70CA961D27709E0020147C /* PBXTargetDependency */ = {
			isa = PBXTargetDependency;
			target = 4F3BB1AE1D251CB800CD2312 /* AnimatedScrollableToolbar */;
			targetProxy = 4F70CA951D27709E0020147C /* PBXContainerItemProxy */;
		};
/* End PBXTargetDependency section */

/* Begin PBXVariantGroup section */
		4F10120E1D273DBF0038534D /* Main.storyboard */ = {
			isa = PBXVariantGroup;
			children = (
				4F10120F1D273DBF0038534D /* Base */,
			);
			name = Main.storyboard;
			sourceTree = "<group>";
		};
		4F1012131D273DBF0038534D /* LaunchScreen.storyboard */ = {
			isa = PBXVariantGroup;
			children = (
				4F1012141D273DBF0038534D /* Base */,
			);
			name = LaunchScreen.storyboard;
			sourceTree = "<group>";
		};
/* End PBXVariantGroup section */

/* Begin XCBuildConfiguration section */
		4F1012171D273DBF0038534D /* Debug */ = {
			isa = XCBuildConfiguration;
			buildSettings = {
				ASSETCATALOG_COMPILER_APPICON_NAME = AppIcon;
				"FRAMEWORK_SEARCH_PATHS[arch=*]" = (
					"$(inherited)",
					"\"$(SYSTEM_APPS_DIR)/Reveal.app/Contents/SharedSupport/iOS-Libraries\"",
				);
				INFOPLIST_FILE = Demo/Info.plist;
				IPHONEOS_DEPLOYMENT_TARGET = 9.3;
				LD_RUNPATH_SEARCH_PATHS = "$(inherited) @executable_path/Frameworks";
				"OTHER_LDFLAGS[arch=*]" = (
					"-ObjC",
					"-lz",
					"-framework",
					Reveal,
				);
				PRODUCT_BUNDLE_IDENTIFIER = com.ewstudio.mrahmiao.Demo;
				PRODUCT_NAME = "$(TARGET_NAME)";
				SWIFT_VERSION = 3.0;
			};
			name = Debug;
		};
		4F1012181D273DBF0038534D /* Release */ = {
			isa = XCBuildConfiguration;
			buildSettings = {
				ASSETCATALOG_COMPILER_APPICON_NAME = AppIcon;
				INFOPLIST_FILE = Demo/Info.plist;
				IPHONEOS_DEPLOYMENT_TARGET = 9.3;
				LD_RUNPATH_SEARCH_PATHS = "$(inherited) @executable_path/Frameworks";
				PRODUCT_BUNDLE_IDENTIFIER = com.ewstudio.mrahmiao.Demo;
				PRODUCT_NAME = "$(TARGET_NAME)";
				SWIFT_VERSION = 3.0;
			};
			name = Release;
		};
		4F3BB1B51D251CB900CD2312 /* Debug */ = {
			isa = XCBuildConfiguration;
			buildSettings = {
				ALWAYS_SEARCH_USER_PATHS = NO;
				CLANG_ANALYZER_NONNULL = YES;
				CLANG_CXX_LANGUAGE_STANDARD = "gnu++0x";
				CLANG_CXX_LIBRARY = "libc++";
				CLANG_ENABLE_MODULES = YES;
				CLANG_ENABLE_OBJC_ARC = YES;
				CLANG_WARN_BOOL_CONVERSION = YES;
				CLANG_WARN_CONSTANT_CONVERSION = YES;
				CLANG_WARN_DIRECT_OBJC_ISA_USAGE = YES_ERROR;
				CLANG_WARN_DOCUMENTATION_COMMENTS = YES;
				CLANG_WARN_EMPTY_BODY = YES;
				CLANG_WARN_ENUM_CONVERSION = YES;
				CLANG_WARN_INT_CONVERSION = YES;
				CLANG_WARN_OBJC_ROOT_CLASS = YES_ERROR;
				CLANG_WARN_UNREACHABLE_CODE = YES;
				CLANG_WARN__DUPLICATE_METHOD_MATCH = YES;
				"CODE_SIGN_IDENTITY[sdk=iphoneos*]" = "iPhone Developer";
				COPY_PHASE_STRIP = NO;
				CURRENT_PROJECT_VERSION = 1;
				DEBUG_INFORMATION_FORMAT = dwarf;
				ENABLE_STRICT_OBJC_MSGSEND = YES;
				ENABLE_TESTABILITY = YES;
				GCC_C_LANGUAGE_STANDARD = gnu99;
				GCC_DYNAMIC_NO_PIC = NO;
				GCC_NO_COMMON_BLOCKS = YES;
				GCC_OPTIMIZATION_LEVEL = 0;
				GCC_PREPROCESSOR_DEFINITIONS = (
					"DEBUG=1",
					"$(inherited)",
				);
				GCC_WARN_64_TO_32_BIT_CONVERSION = YES;
				GCC_WARN_ABOUT_RETURN_TYPE = YES_ERROR;
				GCC_WARN_UNDECLARED_SELECTOR = YES;
				GCC_WARN_UNINITIALIZED_AUTOS = YES_AGGRESSIVE;
				GCC_WARN_UNUSED_FUNCTION = YES;
				GCC_WARN_UNUSED_VARIABLE = YES;
				IPHONEOS_DEPLOYMENT_TARGET = 9.0;
				MTL_ENABLE_DEBUG_INFO = YES;
				ONLY_ACTIVE_ARCH = YES;
				SDKROOT = iphoneos;
				SWIFT_ACTIVE_COMPILATION_CONDITIONS = DEBUG;
				SWIFT_OPTIMIZATION_LEVEL = "-Onone";
				TARGETED_DEVICE_FAMILY = "1,2";
				VERSIONING_SYSTEM = "apple-generic";
				VERSION_INFO_PREFIX = "";
			};
			name = Debug;
		};
		4F3BB1B61D251CB900CD2312 /* Release */ = {
			isa = XCBuildConfiguration;
			buildSettings = {
				ALWAYS_SEARCH_USER_PATHS = NO;
				CLANG_ANALYZER_NONNULL = YES;
				CLANG_CXX_LANGUAGE_STANDARD = "gnu++0x";
				CLANG_CXX_LIBRARY = "libc++";
				CLANG_ENABLE_MODULES = YES;
				CLANG_ENABLE_OBJC_ARC = YES;
				CLANG_WARN_BOOL_CONVERSION = YES;
				CLANG_WARN_CONSTANT_CONVERSION = YES;
				CLANG_WARN_DIRECT_OBJC_ISA_USAGE = YES_ERROR;
				CLANG_WARN_DOCUMENTATION_COMMENTS = YES;
				CLANG_WARN_EMPTY_BODY = YES;
				CLANG_WARN_ENUM_CONVERSION = YES;
				CLANG_WARN_INT_CONVERSION = YES;
				CLANG_WARN_OBJC_ROOT_CLASS = YES_ERROR;
				CLANG_WARN_UNREACHABLE_CODE = YES;
				CLANG_WARN__DUPLICATE_METHOD_MATCH = YES;
				"CODE_SIGN_IDENTITY[sdk=iphoneos*]" = "iPhone Developer";
				COPY_PHASE_STRIP = NO;
				CURRENT_PROJECT_VERSION = 1;
				DEBUG_INFORMATION_FORMAT = "dwarf-with-dsym";
				ENABLE_NS_ASSERTIONS = NO;
				ENABLE_STRICT_OBJC_MSGSEND = YES;
				GCC_C_LANGUAGE_STANDARD = gnu99;
				GCC_NO_COMMON_BLOCKS = YES;
				GCC_WARN_64_TO_32_BIT_CONVERSION = YES;
				GCC_WARN_ABOUT_RETURN_TYPE = YES_ERROR;
				GCC_WARN_UNDECLARED_SELECTOR = YES;
				GCC_WARN_UNINITIALIZED_AUTOS = YES_AGGRESSIVE;
				GCC_WARN_UNUSED_FUNCTION = YES;
				GCC_WARN_UNUSED_VARIABLE = YES;
				IPHONEOS_DEPLOYMENT_TARGET = 9.0;
				MTL_ENABLE_DEBUG_INFO = NO;
				SDKROOT = iphoneos;
				SWIFT_OPTIMIZATION_LEVEL = "-Owholemodule";
				TARGETED_DEVICE_FAMILY = "1,2";
				VALIDATE_PRODUCT = YES;
				VERSIONING_SYSTEM = "apple-generic";
				VERSION_INFO_PREFIX = "";
			};
			name = Release;
		};
		4F3BB1B81D251CB900CD2312 /* Debug */ = {
			isa = XCBuildConfiguration;
			buildSettings = {
				CLANG_ENABLE_MODULES = YES;
				DEFINES_MODULE = YES;
				DYLIB_COMPATIBILITY_VERSION = 1;
				DYLIB_CURRENT_VERSION = 1;
				DYLIB_INSTALL_NAME_BASE = "@rpath";
				INFOPLIST_FILE = AnimatedScrollableToolbar/Info.plist;
				INSTALL_PATH = "$(LOCAL_LIBRARY_DIR)/Frameworks";
				IPHONEOS_DEPLOYMENT_TARGET = 9.0;
				LD_RUNPATH_SEARCH_PATHS = "$(inherited) @executable_path/Frameworks @loader_path/Frameworks";
				PRODUCT_BUNDLE_IDENTIFIER = com.ewstudio.mrahmiao.AnimatedScrollableToolbar;
				PRODUCT_NAME = "$(TARGET_NAME)";
				SKIP_INSTALL = YES;
				SWIFT_OPTIMIZATION_LEVEL = "-Onone";
				SWIFT_VERSION = 3.0;
			};
			name = Debug;
		};
		4F3BB1B91D251CB900CD2312 /* Release */ = {
			isa = XCBuildConfiguration;
			buildSettings = {
				CLANG_ENABLE_MODULES = YES;
				DEFINES_MODULE = YES;
				DYLIB_COMPATIBILITY_VERSION = 1;
				DYLIB_CURRENT_VERSION = 1;
				DYLIB_INSTALL_NAME_BASE = "@rpath";
				INFOPLIST_FILE = AnimatedScrollableToolbar/Info.plist;
				INSTALL_PATH = "$(LOCAL_LIBRARY_DIR)/Frameworks";
				IPHONEOS_DEPLOYMENT_TARGET = 9.0;
				LD_RUNPATH_SEARCH_PATHS = "$(inherited) @executable_path/Frameworks @loader_path/Frameworks";
				PRODUCT_BUNDLE_IDENTIFIER = com.ewstudio.mrahmiao.AnimatedScrollableToolbar;
				PRODUCT_NAME = "$(TARGET_NAME)";
				SKIP_INSTALL = YES;
				SWIFT_VERSION = 3.0;
			};
			name = Release;
		};
/* End XCBuildConfiguration section */

/* Begin XCConfigurationList section */
		4F1012191D273DBF0038534D /* Build configuration list for PBXNativeTarget "Demo" */ = {
			isa = XCConfigurationList;
			buildConfigurations = (
				4F1012171D273DBF0038534D /* Debug */,
				4F1012181D273DBF0038534D /* Release */,
			);
			defaultConfigurationIsVisible = 0;
			defaultConfigurationName = Release;
		};
		4F3BB1A91D251CB800CD2312 /* Build configuration list for PBXProject "AnimatedScrollableToolbar" */ = {
			isa = XCConfigurationList;
			buildConfigurations = (
				4F3BB1B51D251CB900CD2312 /* Debug */,
				4F3BB1B61D251CB900CD2312 /* Release */,
			);
			defaultConfigurationIsVisible = 0;
			defaultConfigurationName = Release;
		};
		4F3BB1B71D251CB900CD2312 /* Build configuration list for PBXNativeTarget "AnimatedScrollableToolbar" */ = {
			isa = XCConfigurationList;
			buildConfigurations = (
				4F3BB1B81D251CB900CD2312 /* Debug */,
				4F3BB1B91D251CB900CD2312 /* Release */,
			);
			defaultConfigurationIsVisible = 0;
			defaultConfigurationName = Release;
		};
/* End XCConfigurationList section */
	};
	rootObject = 4F3BB1A61D251CB800CD2312 /* Project object */;
}
